
Microsoft Visual Studio Solution File, Format Version 12.00
# Visual Studio Version 16
VisualStudioVersion = 25.0.1705.4
MinimumVisualStudioVersion = 10.0.40219.1
Project("{FAE04EC0-301F-11D3-BF4B-00C04F79EFBC}") = "BlogBE", "BlogBE\BlogBE.csproj", "{61134364-281A-4340-9960-3F35A069694F}"
EndProject
Global
	GlobalSection(SolutionConfigurationPlatforms) = preSolution
		Debug|Any CPU = Debug|Any CPU
		Release|Any CPU = Release|Any CPU
	EndGlobalSection
	GlobalSection(ProjectConfigurationPlatforms) = postSolution
		{61134364-281A-4340-9960-3F35A069694F}.Debug|Any CPU.ActiveCfg = Debug|Any CPU
		{61134364-281A-4340-9960-3F35A069694F}.Debug|Any CPU.Build.0 = Debug|Any CPU
		{61134364-281A-4340-9960-3F35A069694F}.Release|Any CPU.ActiveCfg = Release|Any CPU
		{61134364-281A-4340-9960-3F35A069694F}.Release|Any CPU.Build.0 = Release|Any CPU
	EndGlobalSection
	GlobalSection(SolutionProperties) = preSolution
		HideSolutionNode = FALSE
	EndGlobalSection
	GlobalSection(ExtensibilityGlobals) = postSolution
		SolutionGuid = {6BAD6A4A-E18D-413B-BCE2-5C5BB457DF26}
	EndGlobalSection
EndGlobal
